
Microsoft Visual Studio Solution File, Format Version 12.00
# Visual Studio Version 17
VisualStudioVersion = 17.14.36414.22
MinimumVisualStudioVersion = 10.0.40219.1
Project("{2150E333-8FDC-42A3-9474-1A3956D46DE8}") = "Task0", "Task0", "{02EA681E-C7D8-13C7-8484-4AC65E1B71E8}"
EndProject
Project("{FAE04EC0-301F-11D3-BF4B-00C04F79EFBC}") = "Tyuiu.GamaleevaYuA.Sprint4.Task0.V17", "Tyuiu.GamaleevaYuA.Sprint4.Task0.V17\Tyuiu.GamaleevaYuA.Sprint4.Task0.V17.csproj", "{1439A80C-B79C-4C86-A276-AC41F60CD6D7}"
EndProject
Project("{FAE04EC0-301F-11D3-BF4B-00C04F79EFBC}") = "Tyuiu.GamaleevaYuA.Sprint4.Task0.V17.Lib", "Tyuiu.GamaleevaYuA.Sprint4.Task0.V17.Lib\Tyuiu.GamaleevaYuA.Sprint4.Task0.V17.Lib.csproj", "{B9F7990F-0778-4B54-84E1-356EEE5B3C29}"
EndProject
Project("{FAE04EC0-301F-11D3-BF4B-00C04F79EFBC}") = "Tyuiu.GamaleevaYuA.Sprint4.Task0.V17.Test", "Tyuiu.GamaleevaYuA.Sprint4.Task0.V17.Test\Tyuiu.GamaleevaYuA.Sprint4.Task0.V17.Test.csproj", "{E06E2CAB-5AAF-45A9-B2B2-A4B5893AD6FA}"
EndProject
Project("{2150E333-8FDC-42A3-9474-1A3956D46DE8}") = "Task1", "Task1", "{770492A7-2C7A-4A6C-94A8-2E541B203C41}"
EndProject
Project("{FAE04EC0-301F-11D3-BF4B-00C04F79EFBC}") = "Tyuiu.GamaleevaYuA.Sprint4.Task1.V2", "Tyuiu.GamaleevaYuA.Sprint4.Task1.V2\Tyuiu.GamaleevaYuA.Sprint4.Task1.V2.csproj", "{D63E5F5B-60B2-4904-BA70-459386E51904}"
EndProject
Project("{FAE04EC0-301F-11D3-BF4B-00C04F79EFBC}") = "Tyuiu.GamaleevaYuA.Sprint4.Task1.V2.Lib", "Tyuiu.GamaleevaYuA.Sprint4.Task1.V2.Lib\Tyuiu.GamaleevaYuA.Sprint4.Task1.V2.Lib.csproj", "{3A359427-C1E4-48CE-AB03-F4B6B695F4B6}"
EndProject
Project("{FAE04EC0-301F-11D3-BF4B-00C04F79EFBC}") = "Tyuiu.GamaleevaYuA.Sprint4.Task1.V2.Test", "Tyuiu.GamaleevaYuA.Sprint4.Task1.V2.Test\Tyuiu.GamaleevaYuA.Sprint4.Task1.V2.Test.csproj", "{DE2E214C-502C-4F4C-8F29-239567DF5E7C}"
EndProject
Project("{2150E333-8FDC-42A3-9474-1A3956D46DE8}") = "Task2", "Task2", "{9DF408D5-A8A6-4AF5-A870-9D6B5695649E}"
EndProject
Project("{FAE04EC0-301F-11D3-BF4B-00C04F79EFBC}") = "Tyuiu.GamaleevaYuA.Sprint4.Task2.V3", "Tyuiu.GamaleevaYuA.Sprint4.Task2.V3\Tyuiu.GamaleevaYuA.Sprint4.Task2.V3.csproj", "{06A2C9BE-052F-4FF8-A396-E65B9CB7B781}"
EndProject
Project("{FAE04EC0-301F-11D3-BF4B-00C04F79EFBC}") = "Tyuiu.GamaleevaYuA.Sprint4.Task2.V3.Lib", "Tyuiu.GamaleevaYuA.Sprint4.Task2.V3.Lib\Tyuiu.GamaleevaYuA.Sprint4.Task2.V3.Lib.csproj", "{1ADE3ECA-6CCB-4F5A-BE5A-B2ACE1FF8786}"
EndProject
Project("{FAE04EC0-301F-11D3-BF4B-00C04F79EFBC}") = "Tyuiu.GamaleevaYuA.Sprint4.Task2.V3.Test", "Tyuiu.GamaleevaYuA.Sprint4.Task2.V3.Test\Tyuiu.GamaleevaYuA.Sprint4.Task2.V3.Test.csproj", "{7766CCFD-DCB1-43BD-83C4-B225BF7EA418}"
EndProject
Project("{2150E333-8FDC-42A3-9474-1A3956D46DE8}") = "Task3", "Task3", "{3FC2CA7E-9CB6-42EE-A63E-EBCDF8BC0522}"
EndProject
Project("{FAE04EC0-301F-11D3-BF4B-00C04F79EFBC}") = "Tyuiu.GamaleevaYuA.Sprint4.Task3.V19", "Tyuiu.GamaleevaYuA.Sprint4.Task3.V19\Tyuiu.GamaleevaYuA.Sprint4.Task3.V19.csproj", "{742D7F15-DD0C-45F5-8E4F-F64422765961}"
EndProject
Project("{FAE04EC0-301F-11D3-BF4B-00C04F79EFBC}") = "Tyuiu.GamaleevaYuA.Sprint4.Task3.V19.Lib", "Tyuiu.GamaleevaYuA.Sprint4.Task3.V19.Lib\Tyuiu.GamaleevaYuA.Sprint4.Task3.V19.Lib.csproj", "{EF088760-92C1-4D24-9AD6-897EC0EE6532}"
EndProject
Project("{FAE04EC0-301F-11D3-BF4B-00C04F79EFBC}") = "Tyuiu.GamaleevaYuA.Sprint4.Task3.V19.Test", "Tyuiu.GamaleevaYuA.Sprint4.Task3.V19.Test\Tyuiu.GamaleevaYuA.Sprint4.Task3.V19.Test.csproj", "{6F1DB7D9-D610-405E-9C9F-4BCB7DE4A762}"
EndProject
Project("{2150E333-8FDC-42A3-9474-1A3956D46DE8}") = "Task4", "Task4", "{E60ECD50-3E7C-4036-BEEA-BBA85C0140A0}"
EndProject
Project("{FAE04EC0-301F-11D3-BF4B-00C04F79EFBC}") = "Tyuiu.GamaleevaYuA.Sprint4.Task4.V5", "Tyuiu.GamaleevaYuA.Sprint4.Task4.V5\Tyuiu.GamaleevaYuA.Sprint4.Task4.V5.csproj", "{856A3487-FB98-43ED-97C2-832D0B75DA38}"
EndProject
Project("{FAE04EC0-301F-11D3-BF4B-00C04F79EFBC}") = "Tyuiu.GamaleevaYuA.Sprint4.Task4.V5.Lib", "Tyuiu.GamaleevaYuA.Sprint4.Task4.V5.Lib\Tyuiu.GamaleevaYuA.Sprint4.Task4.V5.Lib.csproj", "{07CB671C-5E6B-4D5B-AEB9-C0E0C8F139F8}"
EndProject
Project("{FAE04EC0-301F-11D3-BF4B-00C04F79EFBC}") = "Tyuiu.GamaleevaYuA.Sprint4.Task4.V5.Test", "Tyuiu.GamaleevaYuA.Sprint4.Task4.V5.Test\Tyuiu.GamaleevaYuA.Sprint4.Task4.V5.Test.csproj", "{01CB8E5B-F059-4803-B49B-B8E1F4956571}"
EndProject
Project("{2150E333-8FDC-42A3-9474-1A3956D46DE8}") = "Task5", "Task5", "{0482DE93-D277-4913-85A3-534AF4F16587}"
EndProject
Project("{FAE04EC0-301F-11D3-BF4B-00C04F79EFBC}") = "Tyuiu.GamaleevaYuA.Sprint4.Task5.V25", "Tyuiu.GamaleevaYuA.Sprint4.Task5.V25\Tyuiu.GamaleevaYuA.Sprint4.Task5.V25.csproj", "{9EF9E1BF-DD44-488D-8A6B-BFA55CEB3232}"
EndProject
Project("{FAE04EC0-301F-11D3-BF4B-00C04F79EFBC}") = "Tyuiu.GamaleevaYuA.Sprint4.Task5.V25.Lib", "Tyuiu.GamaleevaYuA.Sprint4.Task5.V25.Lib\Tyuiu.GamaleevaYuA.Sprint4.Task5.V25.Lib.csproj", "{D32C9021-29B2-467A-8873-6B1E30119153}"
EndProject
Project("{FAE04EC0-301F-11D3-BF4B-00C04F79EFBC}") = "Tyuiu.GamaleevaYuA.Sprint4.Task5.V25.Test", "Tyuiu.GamaleevaYuA.Sprint4.Task5.V25.Test\Tyuiu.GamaleevaYuA.Sprint4.Task5.V25.Test.csproj", "{9A81378D-8528-4E31-BF2F-327CB955750A}"
EndProject
Global
	GlobalSection(SolutionConfigurationPlatforms) = preSolution
		Debug|Any CPU = Debug|Any CPU
		Release|Any CPU = Release|Any CPU
	EndGlobalSection
	GlobalSection(ProjectConfigurationPlatforms) = postSolution
		{1439A80C-B79C-4C86-A276-AC41F60CD6D7}.Debug|Any CPU.ActiveCfg = Debug|Any CPU
		{1439A80C-B79C-4C86-A276-AC41F60CD6D7}.Debug|Any CPU.Build.0 = Debug|Any CPU
		{1439A80C-B79C-4C86-A276-AC41F60CD6D7}.Release|Any CPU.ActiveCfg = Release|Any CPU
		{1439A80C-B79C-4C86-A276-AC41F60CD6D7}.Release|Any CPU.Build.0 = Release|Any CPU
		{B9F7990F-0778-4B54-84E1-356EEE5B3C29}.Debug|Any CPU.ActiveCfg = Debug|Any CPU
		{B9F7990F-0778-4B54-84E1-356EEE5B3C29}.Debug|Any CPU.Build.0 = Debug|Any CPU
		{B9F7990F-0778-4B54-84E1-356EEE5B3C29}.Release|Any CPU.ActiveCfg = Release|Any CPU
		{B9F7990F-0778-4B54-84E1-356EEE5B3C29}.Release|Any CPU.Build.0 = Release|Any CPU
		{E06E2CAB-5AAF-45A9-B2B2-A4B5893AD6FA}.Debug|Any CPU.ActiveCfg = Debug|Any CPU
		{E06E2CAB-5AAF-45A9-B2B2-A4B5893AD6FA}.Debug|Any CPU.Build.0 = Debug|Any CPU
		{E06E2CAB-5AAF-45A9-B2B2-A4B5893AD6FA}.Release|Any CPU.ActiveCfg = Release|Any CPU
		{E06E2CAB-5AAF-45A9-B2B2-A4B5893AD6FA}.Release|Any CPU.Build.0 = Release|Any CPU
		{D63E5F5B-60B2-4904-BA70-459386E51904}.Debug|Any CPU.ActiveCfg = Debug|Any CPU
		{D63E5F5B-60B2-4904-BA70-459386E51904}.Debug|Any CPU.Build.0 = Debug|Any CPU
		{D63E5F5B-60B2-4904-BA70-459386E51904}.Release|Any CPU.ActiveCfg = Release|Any CPU
		{D63E5F5B-60B2-4904-BA70-459386E51904}.Release|Any CPU.Build.0 = Release|Any CPU
		{3A359427-C1E4-48CE-AB03-F4B6B695F4B6}.Debug|Any CPU.ActiveCfg = Debug|Any CPU
		{3A359427-C1E4-48CE-AB03-F4B6B695F4B6}.Debug|Any CPU.Build.0 = Debug|Any CPU
		{3A359427-C1E4-48CE-AB03-F4B6B695F4B6}.Release|Any CPU.ActiveCfg = Release|Any CPU
		{3A359427-C1E4-48CE-AB03-F4B6B695F4B6}.Release|Any CPU.Build.0 = Release|Any CPU
		{DE2E214C-502C-4F4C-8F29-239567DF5E7C}.Debug|Any CPU.ActiveCfg = Debug|Any CPU
		{DE2E214C-502C-4F4C-8F29-239567DF5E7C}.Debug|Any CPU.Build.0 = Debug|Any CPU
		{DE2E214C-502C-4F4C-8F29-239567DF5E7C}.Release|Any CPU.ActiveCfg = Release|Any CPU
		{DE2E214C-502C-4F4C-8F29-239567DF5E7C}.Release|Any CPU.Build.0 = Release|Any CPU
		{06A2C9BE-052F-4FF8-A396-E65B9CB7B781}.Debug|Any CPU.ActiveCfg = Debug|Any CPU
		{06A2C9BE-052F-4FF8-A396-E65B9CB7B781}.Debug|Any CPU.Build.0 = Debug|Any CPU
		{06A2C9BE-052F-4FF8-A396-E65B9CB7B781}.Release|Any CPU.ActiveCfg = Release|Any CPU
		{06A2C9BE-052F-4FF8-A396-E65B9CB7B781}.Release|Any CPU.Build.0 = Release|Any CPU
		{1ADE3ECA-6CCB-4F5A-BE5A-B2ACE1FF8786}.Debug|Any CPU.ActiveCfg = Debug|Any CPU
		{1ADE3ECA-6CCB-4F5A-BE5A-B2ACE1FF8786}.Debug|Any CPU.Build.0 = Debug|Any CPU
		{1ADE3ECA-6CCB-4F5A-BE5A-B2ACE1FF8786}.Release|Any CPU.ActiveCfg = Release|Any CPU
		{1ADE3ECA-6CCB-4F5A-BE5A-B2ACE1FF8786}.Release|Any CPU.Build.0 = Release|Any CPU
		{7766CCFD-DCB1-43BD-83C4-B225BF7EA418}.Debug|Any CPU.ActiveCfg = Debug|Any CPU
		{7766CCFD-DCB1-43BD-83C4-B225BF7EA418}.Debug|Any CPU.Build.0 = Debug|Any CPU
		{7766CCFD-DCB1-43BD-83C4-B225BF7EA418}.Release|Any CPU.ActiveCfg = Release|Any CPU
		{7766CCFD-DCB1-43BD-83C4-B225BF7EA418}.Release|Any CPU.Build.0 = Release|Any CPU
		{742D7F15-DD0C-45F5-8E4F-F64422765961}.Debug|Any CPU.ActiveCfg = Debug|Any CPU
		{742D7F15-DD0C-45F5-8E4F-F64422765961}.Debug|Any CPU.Build.0 = Debug|Any CPU
		{742D7F15-DD0C-45F5-8E4F-F64422765961}.Release|Any CPU.ActiveCfg = Release|Any CPU
		{742D7F15-DD0C-45F5-8E4F-F64422765961}.Release|Any CPU.Build.0 = Release|Any CPU
		{EF088760-92C1-4D24-9AD6-897EC0EE6532}.Debug|Any CPU.ActiveCfg = Debug|Any CPU
		{EF088760-92C1-4D24-9AD6-897EC0EE6532}.Debug|Any CPU.Build.0 = Debug|Any CPU
		{EF088760-92C1-4D24-9AD6-897EC0EE6532}.Release|Any CPU.ActiveCfg = Release|Any CPU
		{EF088760-92C1-4D24-9AD6-897EC0EE6532}.Release|Any CPU.Build.0 = Release|Any CPU
		{6F1DB7D9-D610-405E-9C9F-4BCB7DE4A762}.Debug|Any CPU.ActiveCfg = Debug|Any CPU
		{6F1DB7D9-D610-405E-9C9F-4BCB7DE4A762}.Debug|Any CPU.Build.0 = Debug|Any CPU
		{6F1DB7D9-D610-405E-9C9F-4BCB7DE4A762}.Release|Any CPU.ActiveCfg = Release|Any CPU
		{6F1DB7D9-D610-405E-9C9F-4BCB7DE4A762}.Release|Any CPU.Build.0 = Release|Any CPU
		{856A3487-FB98-43ED-97C2-832D0B75DA38}.Debug|Any CPU.ActiveCfg = Debug|Any CPU
		{856A3487-FB98-43ED-97C2-832D0B75DA38}.Debug|Any CPU.Build.0 = Debug|Any CPU
		{856A3487-FB98-43ED-97C2-832D0B75DA38}.Release|Any CPU.ActiveCfg = Release|Any CPU
		{856A3487-FB98-43ED-97C2-832D0B75DA38}.Release|Any CPU.Build.0 = Release|Any CPU
		{07CB671C-5E6B-4D5B-AEB9-C0E0C8F139F8}.Debug|Any CPU.ActiveCfg = Debug|Any CPU
		{07CB671C-5E6B-4D5B-AEB9-C0E0C8F139F8}.Debug|Any CPU.Build.0 = Debug|Any CPU
		{07CB671C-5E6B-4D5B-AEB9-C0E0C8F139F8}.Release|Any CPU.ActiveCfg = Release|Any CPU
		{07CB671C-5E6B-4D5B-AEB9-C0E0C8F139F8}.Release|Any CPU.Build.0 = Release|Any CPU
		{01CB8E5B-F059-4803-B49B-B8E1F4956571}.Debug|Any CPU.ActiveCfg = Debug|Any CPU
		{01CB8E5B-F059-4803-B49B-B8E1F4956571}.Debug|Any CPU.Build.0 = Debug|Any CPU
		{01CB8E5B-F059-4803-B49B-B8E1F4956571}.Release|Any CPU.ActiveCfg = Release|Any CPU
		{01CB8E5B-F059-4803-B49B-B8E1F4956571}.Release|Any CPU.Build.0 = Release|Any CPU
		{9EF9E1BF-DD44-488D-8A6B-BFA55CEB3232}.Debug|Any CPU.ActiveCfg = Debug|Any CPU
		{9EF9E1BF-DD44-488D-8A6B-BFA55CEB3232}.Debug|Any CPU.Build.0 = Debug|Any CPU
		{9EF9E1BF-DD44-488D-8A6B-BFA55CEB3232}.Release|Any CPU.ActiveCfg = Release|Any CPU
		{9EF9E1BF-DD44-488D-8A6B-BFA55CEB3232}.Release|Any CPU.Build.0 = Release|Any CPU
		{D32C9021-29B2-467A-8873-6B1E30119153}.Debug|Any CPU.ActiveCfg = Debug|Any CPU
		{D32C9021-29B2-467A-8873-6B1E30119153}.Debug|Any CPU.Build.0 = Debug|Any CPU
		{D32C9021-29B2-467A-8873-6B1E30119153}.Release|Any CPU.ActiveCfg = Release|Any CPU
		{D32C9021-29B2-467A-8873-6B1E30119153}.Release|Any CPU.Build.0 = Release|Any CPU
		{9A81378D-8528-4E31-BF2F-327CB955750A}.Debug|Any CPU.ActiveCfg = Debug|Any CPU
		{9A81378D-8528-4E31-BF2F-327CB955750A}.Debug|Any CPU.Build.0 = Debug|Any CPU
		{9A81378D-8528-4E31-BF2F-327CB955750A}.Release|Any CPU.ActiveCfg = Release|Any CPU
		{9A81378D-8528-4E31-BF2F-327CB955750A}.Release|Any CPU.Build.0 = Release|Any CPU
	EndGlobalSection
	GlobalSection(SolutionProperties) = preSolution
		HideSolutionNode = FALSE
	EndGlobalSection
	GlobalSection(NestedProjects) = preSolution
		{1439A80C-B79C-4C86-A276-AC41F60CD6D7} = {02EA681E-C7D8-13C7-8484-4AC65E1B71E8}
		{B9F7990F-0778-4B54-84E1-356EEE5B3C29} = {02EA681E-C7D8-13C7-8484-4AC65E1B71E8}
		{E06E2CAB-5AAF-45A9-B2B2-A4B5893AD6FA} = {02EA681E-C7D8-13C7-8484-4AC65E1B71E8}
		{D63E5F5B-60B2-4904-BA70-459386E51904} = {770492A7-2C7A-4A6C-94A8-2E541B203C41}
		{3A359427-C1E4-48CE-AB03-F4B6B695F4B6} = {770492A7-2C7A-4A6C-94A8-2E541B203C41}
		{DE2E214C-502C-4F4C-8F29-239567DF5E7C} = {770492A7-2C7A-4A6C-94A8-2E541B203C41}
		{06A2C9BE-052F-4FF8-A396-E65B9CB7B781} = {9DF408D5-A8A6-4AF5-A870-9D6B5695649E}
		{1ADE3ECA-6CCB-4F5A-BE5A-B2ACE1FF8786} = {9DF408D5-A8A6-4AF5-A870-9D6B5695649E}
		{7766CCFD-DCB1-43BD-83C4-B225BF7EA418} = {9DF408D5-A8A6-4AF5-A870-9D6B5695649E}
		{742D7F15-DD0C-45F5-8E4F-F64422765961} = {3FC2CA7E-9CB6-42EE-A63E-EBCDF8BC0522}
		{EF088760-92C1-4D24-9AD6-897EC0EE6532} = {3FC2CA7E-9CB6-42EE-A63E-EBCDF8BC0522}
		{6F1DB7D9-D610-405E-9C9F-4BCB7DE4A762} = {3FC2CA7E-9CB6-42EE-A63E-EBCDF8BC0522}
		{856A3487-FB98-43ED-97C2-832D0B75DA38} = {E60ECD50-3E7C-4036-BEEA-BBA85C0140A0}
		{07CB671C-5E6B-4D5B-AEB9-C0E0C8F139F8} = {E60ECD50-3E7C-4036-BEEA-BBA85C0140A0}
		{01CB8E5B-F059-4803-B49B-B8E1F4956571} = {E60ECD50-3E7C-4036-BEEA-BBA85C0140A0}
		{9EF9E1BF-DD44-488D-8A6B-BFA55CEB3232} = {0482DE93-D277-4913-85A3-534AF4F16587}
		{D32C9021-29B2-467A-8873-6B1E30119153} = {0482DE93-D277-4913-85A3-534AF4F16587}
		{9A81378D-8528-4E31-BF2F-327CB955750A} = {0482DE93-D277-4913-85A3-534AF4F16587}
	EndGlobalSection
	GlobalSection(ExtensibilityGlobals) = postSolution
		SolutionGuid = {6B081410-78BA-46B2-8C4F-F9EF5557F03C}
	EndGlobalSection
EndGlobal
