
Microsoft Visual Studio Solution File, Format Version 12.00
# Visual Studio Version 17
VisualStudioVersion = 17.14.36414.22 d17.14
MinimumVisualStudioVersion = 10.0.40219.1
Project("{2150E333-8FDC-42A3-9474-1A3956D46DE8}") = "Task0", "Task0", "{02EA681E-C7D8-13C7-8484-4AC65E1B71E8}"
EndProject
Project("{FAE04EC0-301F-11D3-BF4B-00C04F79EFBC}") = "Tyuiu.GamaleevaYuA.Sprint4.Task0.V17", "Tyuiu.GamaleevaYuA.Sprint4.Task0.V17\Tyuiu.GamaleevaYuA.Sprint4.Task0.V17.csproj", "{1439A80C-B79C-4C86-A276-AC41F60CD6D7}"
EndProject
Project("{FAE04EC0-301F-11D3-BF4B-00C04F79EFBC}") = "Tyuiu.GamaleevaYuA.Sprint4.Task0.V17.Lib", "Tyuiu.GamaleevaYuA.Sprint4.Task0.V17.Lib\Tyuiu.GamaleevaYuA.Sprint4.Task0.V17.Lib.csproj", "{B9F7990F-0778-4B54-84E1-356EEE5B3C29}"
EndProject
Project("{FAE04EC0-301F-11D3-BF4B-00C04F79EFBC}") = "Tyuiu.GamaleevaYuA.Sprint4.Task0.V17.Test", "Tyuiu.GamaleevaYuA.Sprint4.Task0.V17.Test\Tyuiu.GamaleevaYuA.Sprint4.Task0.V17.Test.csproj", "{E06E2CAB-5AAF-45A9-B2B2-A4B5893AD6FA}"
EndProject
Global
	GlobalSection(SolutionConfigurationPlatforms) = preSolution
		Debug|Any CPU = Debug|Any CPU
		Release|Any CPU = Release|Any CPU
	EndGlobalSection
	GlobalSection(ProjectConfigurationPlatforms) = postSolution
		{1439A80C-B79C-4C86-A276-AC41F60CD6D7}.Debug|Any CPU.ActiveCfg = Debug|Any CPU
		{1439A80C-B79C-4C86-A276-AC41F60CD6D7}.Debug|Any CPU.Build.0 = Debug|Any CPU
		{1439A80C-B79C-4C86-A276-AC41F60CD6D7}.Release|Any CPU.ActiveCfg = Release|Any CPU
		{1439A80C-B79C-4C86-A276-AC41F60CD6D7}.Release|Any CPU.Build.0 = Release|Any CPU
		{B9F7990F-0778-4B54-84E1-356EEE5B3C29}.Debug|Any CPU.ActiveCfg = Debug|Any CPU
		{B9F7990F-0778-4B54-84E1-356EEE5B3C29}.Debug|Any CPU.Build.0 = Debug|Any CPU
		{B9F7990F-0778-4B54-84E1-356EEE5B3C29}.Release|Any CPU.ActiveCfg = Release|Any CPU
		{B9F7990F-0778-4B54-84E1-356EEE5B3C29}.Release|Any CPU.Build.0 = Release|Any CPU
		{E06E2CAB-5AAF-45A9-B2B2-A4B5893AD6FA}.Debug|Any CPU.ActiveCfg = Debug|Any CPU
		{E06E2CAB-5AAF-45A9-B2B2-A4B5893AD6FA}.Debug|Any CPU.Build.0 = Debug|Any CPU
		{E06E2CAB-5AAF-45A9-B2B2-A4B5893AD6FA}.Release|Any CPU.ActiveCfg = Release|Any CPU
		{E06E2CAB-5AAF-45A9-B2B2-A4B5893AD6FA}.Release|Any CPU.Build.0 = Release|Any CPU
	EndGlobalSection
	GlobalSection(SolutionProperties) = preSolution
		HideSolutionNode = FALSE
	EndGlobalSection
	GlobalSection(NestedProjects) = preSolution
		{1439A80C-B79C-4C86-A276-AC41F60CD6D7} = {02EA681E-C7D8-13C7-8484-4AC65E1B71E8}
		{B9F7990F-0778-4B54-84E1-356EEE5B3C29} = {02EA681E-C7D8-13C7-8484-4AC65E1B71E8}
		{E06E2CAB-5AAF-45A9-B2B2-A4B5893AD6FA} = {02EA681E-C7D8-13C7-8484-4AC65E1B71E8}
	EndGlobalSection
	GlobalSection(ExtensibilityGlobals) = postSolution
		SolutionGuid = {6B081410-78BA-46B2-8C4F-F9EF5557F03C}
	EndGlobalSection
EndGlobal
